
Microsoft Visual Studio Solution File, Format Version 12.00
# Visual Studio 15
VisualStudioVersion = 15.0.28010.2036
MinimumVisualStudioVersion = 10.0.40219.1
Project("{9A19103F-16F7-4668-BE54-9A1E7A4F7556}") = "Telemetry.Web", "Telemetry.Web\Telemetry.Web.csproj", "{BCEA16CD-E300-46AB-B4CF-1EF7766984A3}"
EndProject
Project("{9A19103F-16F7-4668-BE54-9A1E7A4F7556}") = "Telemetry.Database", "Telemetry.Database\Telemetry.Database.csproj", "{1F3591A4-A603-4798-95F4-F08B151AD4E8}"
EndProject
Project("{9A19103F-16F7-4668-BE54-9A1E7A4F7556}") = "Telemetry.Server", "Telemetry.Server\Telemetry.Server.csproj", "{AC73D849-7B13-40A0-AB62-C8869FBC4FF4}"
EndProject
Project("{9A19103F-16F7-4668-BE54-9A1E7A4F7556}") = "Telemetry.Base", "Telemetry.Base\Telemetry.Base.csproj", "{AD146D36-633C-4095-89F1-0039D7DCCCD2}"
EndProject
Global
	GlobalSection(SolutionConfigurationPlatforms) = preSolution
		Debug|Any CPU = Debug|Any CPU
		Release|Any CPU = Release|Any CPU
	EndGlobalSection
	GlobalSection(ProjectConfigurationPlatforms) = postSolution
		{BCEA16CD-E300-46AB-B4CF-1EF7766984A3}.Debug|Any CPU.ActiveCfg = Debug|Any CPU
		{BCEA16CD-E300-46AB-B4CF-1EF7766984A3}.Debug|Any CPU.Build.0 = Debug|Any CPU
		{BCEA16CD-E300-46AB-B4CF-1EF7766984A3}.Release|Any CPU.ActiveCfg = Release|Any CPU
		{BCEA16CD-E300-46AB-B4CF-1EF7766984A3}.Release|Any CPU.Build.0 = Release|Any CPU
		{1F3591A4-A603-4798-95F4-F08B151AD4E8}.Debug|Any CPU.ActiveCfg = Debug|Any CPU
		{1F3591A4-A603-4798-95F4-F08B151AD4E8}.Debug|Any CPU.Build.0 = Debug|Any CPU
		{1F3591A4-A603-4798-95F4-F08B151AD4E8}.Release|Any CPU.ActiveCfg = Release|Any CPU
		{1F3591A4-A603-4798-95F4-F08B151AD4E8}.Release|Any CPU.Build.0 = Release|Any CPU
		{AC73D849-7B13-40A0-AB62-C8869FBC4FF4}.Debug|Any CPU.ActiveCfg = Debug|Any CPU
		{AC73D849-7B13-40A0-AB62-C8869FBC4FF4}.Debug|Any CPU.Build.0 = Debug|Any CPU
		{AC73D849-7B13-40A0-AB62-C8869FBC4FF4}.Release|Any CPU.ActiveCfg = Release|Any CPU
		{AC73D849-7B13-40A0-AB62-C8869FBC4FF4}.Release|Any CPU.Build.0 = Release|Any CPU
		{AD146D36-633C-4095-89F1-0039D7DCCCD2}.Debug|Any CPU.ActiveCfg = Debug|Any CPU
		{AD146D36-633C-4095-89F1-0039D7DCCCD2}.Debug|Any CPU.Build.0 = Debug|Any CPU
		{AD146D36-633C-4095-89F1-0039D7DCCCD2}.Release|Any CPU.ActiveCfg = Release|Any CPU
		{AD146D36-633C-4095-89F1-0039D7DCCCD2}.Release|Any CPU.Build.0 = Release|Any CPU
	EndGlobalSection
	GlobalSection(SolutionProperties) = preSolution
		HideSolutionNode = FALSE
	EndGlobalSection
	GlobalSection(ExtensibilityGlobals) = postSolution
		SolutionGuid = {A094CEAF-83A0-49A3-8A0F-7142FACFB509}
	EndGlobalSection
EndGlobal
